
Microsoft Visual Studio Solution File, Format Version 12.00
# Visual Studio Version 17
VisualStudioVersion = 17.13.35828.75 d17.13
MinimumVisualStudioVersion = 10.0.40219.1
Project("{FAE04EC0-301F-11D3-BF4B-00C04F79EFBC}") = "AracKiralama.UI", "AracKiralama.UI\AracKiralama.UI.csproj", "{CC97A123-FCCD-47F9-BD47-6C0FD9F9D3F8}"
EndProject
Global
	GlobalSection(SolutionConfigurationPlatforms) = preSolution
		Debug|Any CPU = Debug|Any CPU
		Release|Any CPU = Release|Any CPU
	EndGlobalSection
	GlobalSection(ProjectConfigurationPlatforms) = postSolution
		{CC97A123-FCCD-47F9-BD47-6C0FD9F9D3F8}.Debug|Any CPU.ActiveCfg = Debug|Any CPU
		{CC97A123-FCCD-47F9-BD47-6C0FD9F9D3F8}.Debug|Any CPU.Build.0 = Debug|Any CPU
		{CC97A123-FCCD-47F9-BD47-6C0FD9F9D3F8}.Release|Any CPU.ActiveCfg = Release|Any CPU
		{CC97A123-FCCD-47F9-BD47-6C0FD9F9D3F8}.Release|Any CPU.Build.0 = Release|Any CPU
	EndGlobalSection
	GlobalSection(SolutionProperties) = preSolution
		HideSolutionNode = FALSE
	EndGlobalSection
	GlobalSection(ExtensibilityGlobals) = postSolution
		SolutionGuid = {3A600BF8-16C6-45EF-94FE-712FA1E967A0}
	EndGlobalSection
EndGlobal
